
Microsoft Visual Studio Solution File, Format Version 12.00
# Visual Studio Version 17
VisualStudioVersion = 17.10.35122.118
MinimumVisualStudioVersion = 10.0.40219.1
Project("{FAE04EC0-301F-11D3-BF4B-00C04F79EFBC}") = "HuskyInstaller", "HuskyInstaller.csproj", "{0B5A95F5-B827-437A-8FCF-A8690096E58A}"
EndProject
Global
	GlobalSection(SolutionConfigurationPlatforms) = preSolution
		Debug|Any CPU = Debug|Any CPU
		Release|Any CPU = Release|Any CPU
	EndGlobalSection
	GlobalSection(ProjectConfigurationPlatforms) = postSolution
		{0B5A95F5-B827-437A-8FCF-A8690096E58A}.Debug|Any CPU.ActiveCfg = Debug|Any CPU
		{0B5A95F5-B827-437A-8FCF-A8690096E58A}.Debug|Any CPU.Build.0 = Debug|Any CPU
		{0B5A95F5-B827-437A-8FCF-A8690096E58A}.Release|Any CPU.ActiveCfg = Release|Any CPU
		{0B5A95F5-B827-437A-8FCF-A8690096E58A}.Release|Any CPU.Build.0 = Release|Any CPU
	EndGlobalSection
	GlobalSection(SolutionProperties) = preSolution
		HideSolutionNode = FALSE
	EndGlobalSection
	GlobalSection(ExtensibilityGlobals) = postSolution
		SolutionGuid = {715C10A2-E5FC-4734-A527-17D7E5E4AD02}
	EndGlobalSection
EndGlobal
