
Microsoft Visual Studio Solution File, Format Version 12.00
# Visual Studio Version 17
VisualStudioVersion = 17.10.35122.118
MinimumVisualStudioVersion = 10.0.40219.1
Project("{9A19103F-16F7-4668-BE54-9A1E7A4F7556}") = "HuskyInstaller", "HuskyInstaller\HuskyInstaller.csproj", "{33DCC39B-DD88-4747-8277-00F28A218266}"
EndProject
Global
	GlobalSection(SolutionConfigurationPlatforms) = preSolution
		Debug|Any CPU = Debug|Any CPU
		Release|Any CPU = Release|Any CPU
	EndGlobalSection
	GlobalSection(ProjectConfigurationPlatforms) = postSolution
		{33DCC39B-DD88-4747-8277-00F28A218266}.Debug|Any CPU.ActiveCfg = Debug|Any CPU
		{33DCC39B-DD88-4747-8277-00F28A218266}.Debug|Any CPU.Build.0 = Debug|Any CPU
		{33DCC39B-DD88-4747-8277-00F28A218266}.Release|Any CPU.ActiveCfg = Release|Any CPU
		{33DCC39B-DD88-4747-8277-00F28A218266}.Release|Any CPU.Build.0 = Release|Any CPU
	EndGlobalSection
	GlobalSection(SolutionProperties) = preSolution
		HideSolutionNode = FALSE
	EndGlobalSection
	GlobalSection(ExtensibilityGlobals) = postSolution
		SolutionGuid = {715C10A2-E5FC-4734-A527-17D7E5E4AD02}
	EndGlobalSection
EndGlobal
